// !$*UTF8*$!
{
	archiveVersion = 1;
	classes = {
	};
	objectVersion = 50;
	objects = {

/* Begin PBXBuildFile section */
		220E8DB2559DF701FA8076B6 /* Pods_BackendlessUIDemoSwift.framework in Frameworks */ = {isa = PBXBuildFile; fileRef = 43934650DAFFB45FDEBB0FEF /* Pods_BackendlessUIDemoSwift.framework */; };
		5ECB7AAF219EADDE00C67587 /* AppDelegate.swift in Sources */ = {isa = PBXBuildFile; fileRef = 5ECB7AAE219EADDE00C67587 /* AppDelegate.swift */; };
		5ECB7AB4219EADDE00C67587 /* Main.storyboard in Resources */ = {isa = PBXBuildFile; fileRef = 5ECB7AB2219EADDE00C67587 /* Main.storyboard */; };
		5ECB7AB6219EADDE00C67587 /* Assets.xcassets in Resources */ = {isa = PBXBuildFile; fileRef = 5ECB7AB5219EADDE00C67587 /* Assets.xcassets */; };
		5ECB7AB9219EADDE00C67587 /* LaunchScreen.storyboard in Resources */ = {isa = PBXBuildFile; fileRef = 5ECB7AB7219EADDE00C67587 /* LaunchScreen.storyboard */; };
		5ECB7AC1219EAE3900C67587 /* BackendlessUI.framework in Frameworks */ = {isa = PBXBuildFile; fileRef = 5ECB7AC0219EAE3900C67587 /* BackendlessUI.framework */; };
		5ECB7AC2219EAE3900C67587 /* BackendlessUI.framework in Embed Frameworks */ = {isa = PBXBuildFile; fileRef = 5ECB7AC0219EAE3900C67587 /* BackendlessUI.framework */; settings = {ATTRIBUTES = (CodeSignOnCopy, RemoveHeadersOnCopy, ); }; };
		5ECB7AC5219EAE4D00C67587 /* MainTableViewController.swift in Sources */ = {isa = PBXBuildFile; fileRef = 5ECB7AC4219EAE4D00C67587 /* MainTableViewController.swift */; };
/* End PBXBuildFile section */

/* Begin PBXCopyFilesBuildPhase section */
		5ECB7AC3219EAE3900C67587 /* Embed Frameworks */ = {
			isa = PBXCopyFilesBuildPhase;
			buildActionMask = 2147483647;
			dstPath = "";
			dstSubfolderSpec = 10;
			files = (
				5ECB7AC2219EAE3900C67587 /* BackendlessUI.framework in Embed Frameworks */,
			);
			name = "Embed Frameworks";
			runOnlyForDeploymentPostprocessing = 0;
		};
/* End PBXCopyFilesBuildPhase section */

/* Begin PBXFileReference section */
		43934650DAFFB45FDEBB0FEF /* Pods_BackendlessUIDemoSwift.framework */ = {isa = PBXFileReference; explicitFileType = wrapper.framework; includeInIndex = 0; path = Pods_BackendlessUIDemoSwift.framework; sourceTree = BUILT_PRODUCTS_DIR; };
		5ECB7AAB219EADDE00C67587 /* BackendlessUIDemoSwift.app */ = {isa = PBXFileReference; explicitFileType = wrapper.application; includeInIndex = 0; path = BackendlessUIDemoSwift.app; sourceTree = BUILT_PRODUCTS_DIR; };
		5ECB7AAE219EADDE00C67587 /* AppDelegate.swift */ = {isa = PBXFileReference; lastKnownFileType = sourcecode.swift; path = AppDelegate.swift; sourceTree = "<group>"; };
		5ECB7AB3219EADDE00C67587 /* Base */ = {isa = PBXFileReference; lastKnownFileType = file.storyboard; name = Base; path = Base.lproj/Main.storyboard; sourceTree = "<group>"; };
		5ECB7AB5219EADDE00C67587 /* Assets.xcassets */ = {isa = PBXFileReference; lastKnownFileType = folder.assetcatalog; path = Assets.xcassets; sourceTree = "<group>"; };
		5ECB7AB8219EADDE00C67587 /* Base */ = {isa = PBXFileReference; lastKnownFileType = file.storyboard; name = Base; path = Base.lproj/LaunchScreen.storyboard; sourceTree = "<group>"; };
		5ECB7ABA219EADDE00C67587 /* Info.plist */ = {isa = PBXFileReference; lastKnownFileType = text.plist.xml; path = Info.plist; sourceTree = "<group>"; };
		5ECB7AC0219EAE3900C67587 /* BackendlessUI.framework */ = {isa = PBXFileReference; lastKnownFileType = wrapper.framework; name = BackendlessUI.framework; path = Frameworks/BackendlessUI.framework; sourceTree = "<group>"; };
		5ECB7AC4219EAE4D00C67587 /* MainTableViewController.swift */ = {isa = PBXFileReference; fileEncoding = 4; lastKnownFileType = sourcecode.swift; path = MainTableViewController.swift; sourceTree = "<group>"; };
		690819A816007F909E86102B /* Pods-BackendlessUIDemoSwift.debug.xcconfig */ = {isa = PBXFileReference; includeInIndex = 1; lastKnownFileType = text.xcconfig; name = "Pods-BackendlessUIDemoSwift.debug.xcconfig"; path = "Target Support Files/Pods-BackendlessUIDemoSwift/Pods-BackendlessUIDemoSwift.debug.xcconfig"; sourceTree = "<group>"; };
		F42E5A65C372273A9C1516DB /* Pods-BackendlessUIDemoSwift.release.xcconfig */ = {isa = PBXFileReference; includeInIndex = 1; lastKnownFileType = text.xcconfig; name = "Pods-BackendlessUIDemoSwift.release.xcconfig"; path = "Target Support Files/Pods-BackendlessUIDemoSwift/Pods-BackendlessUIDemoSwift.release.xcconfig"; sourceTree = "<group>"; };
/* End PBXFileReference section */

/* Begin PBXFrameworksBuildPhase section */
		5ECB7AA8219EADDE00C67587 /* Frameworks */ = {
			isa = PBXFrameworksBuildPhase;
			buildActionMask = 2147483647;
			files = (
				5ECB7AC1219EAE3900C67587 /* BackendlessUI.framework in Frameworks */,
				220E8DB2559DF701FA8076B6 /* Pods_BackendlessUIDemoSwift.framework in Frameworks */,
			);
			runOnlyForDeploymentPostprocessing = 0;
		};
/* End PBXFrameworksBuildPhase section */

/* Begin PBXGroup section */
		5ECB7AA2219EADDE00C67587 = {
			isa = PBXGroup;
			children = (
				5ECB7AC0219EAE3900C67587 /* BackendlessUI.framework */,
				5ECB7AAD219EADDE00C67587 /* BackendlessUIDemoSwift */,
				5ECB7AAC219EADDE00C67587 /* Products */,
				F040EF16280B1032EBEEB885 /* Pods */,
				9DCAE15EF50832E94791F6C3 /* Frameworks */,
			);
			sourceTree = "<group>";
		};
		5ECB7AAC219EADDE00C67587 /* Products */ = {
			isa = PBXGroup;
			children = (
				5ECB7AAB219EADDE00C67587 /* BackendlessUIDemoSwift.app */,
			);
			name = Products;
			sourceTree = "<group>";
		};
		5ECB7AAD219EADDE00C67587 /* BackendlessUIDemoSwift */ = {
			isa = PBXGroup;
			children = (
				5ECB7AAE219EADDE00C67587 /* AppDelegate.swift */,
				5ECB7AC4219EAE4D00C67587 /* MainTableViewController.swift */,
				5ECB7AB2219EADDE00C67587 /* Main.storyboard */,
				5ECB7AB7219EADDE00C67587 /* LaunchScreen.storyboard */,
				5ECB7ABA219EADDE00C67587 /* Info.plist */,
				5ECB7AB5219EADDE00C67587 /* Assets.xcassets */,
			);
			path = BackendlessUIDemoSwift;
			sourceTree = "<group>";
		};
		9DCAE15EF50832E94791F6C3 /* Frameworks */ = {
			isa = PBXGroup;
			children = (
				43934650DAFFB45FDEBB0FEF /* Pods_BackendlessUIDemoSwift.framework */,
			);
			name = Frameworks;
			sourceTree = "<group>";
		};
		F040EF16280B1032EBEEB885 /* Pods */ = {
			isa = PBXGroup;
			children = (
				690819A816007F909E86102B /* Pods-BackendlessUIDemoSwift.debug.xcconfig */,
				F42E5A65C372273A9C1516DB /* Pods-BackendlessUIDemoSwift.release.xcconfig */,
			);
			path = Pods;
			sourceTree = "<group>";
		};
/* End PBXGroup section */

/* Begin PBXNativeTarget section */
		5ECB7AAA219EADDE00C67587 /* BackendlessUIDemoSwift */ = {
			isa = PBXNativeTarget;
			buildConfigurationList = 5ECB7ABD219EADDE00C67587 /* Build configuration list for PBXNativeTarget "BackendlessUIDemoSwift" */;
			buildPhases = (
				0F6227ADC825C31CB798B424 /* [CP] Check Pods Manifest.lock */,
				5ECB7AA7219EADDE00C67587 /* Sources */,
				5ECB7AA8219EADDE00C67587 /* Frameworks */,
				5ECB7AA9219EADDE00C67587 /* Resources */,
				EF3ED64836E9C92A361F27CE /* [CP] Embed Pods Frameworks */,
				A169066C9D0F3AEF80B33B54 /* [CP] Copy Pods Resources */,
				5ECB7AC3219EAE3900C67587 /* Embed Frameworks */,
			);
			buildRules = (
			);
			dependencies = (
			);
			name = BackendlessUIDemoSwift;
			productName = BackendlessUIDemoSwift;
			productReference = 5ECB7AAB219EADDE00C67587 /* BackendlessUIDemoSwift.app */;
			productType = "com.apple.product-type.application";
		};
/* End PBXNativeTarget section */

/* Begin PBXProject section */
		5ECB7AA3219EADDE00C67587 /* Project object */ = {
			isa = PBXProject;
			attributes = {
				LastSwiftUpdateCheck = 1010;
				LastUpgradeCheck = 1010;
				ORGANIZATIONNAME = "Olha Danylova";
				TargetAttributes = {
					5ECB7AAA219EADDE00C67587 = {
						CreatedOnToolsVersion = 10.1;
					};
				};
			};
			buildConfigurationList = 5ECB7AA6219EADDE00C67587 /* Build configuration list for PBXProject "BackendlessUIDemoSwift" */;
			compatibilityVersion = "Xcode 9.3";
			developmentRegion = en;
			hasScannedForEncodings = 0;
			knownRegions = (
				en,
				Base,
			);
			mainGroup = 5ECB7AA2219EADDE00C67587;
			productRefGroup = 5ECB7AAC219EADDE00C67587 /* Products */;
			projectDirPath = "";
			projectRoot = "";
			targets = (
				5ECB7AAA219EADDE00C67587 /* BackendlessUIDemoSwift */,
			);
		};
/* End PBXProject section */

/* Begin PBXResourcesBuildPhase section */
		5ECB7AA9219EADDE00C67587 /* Resources */ = {
			isa = PBXResourcesBuildPhase;
			buildActionMask = 2147483647;
			files = (
				5ECB7AB9219EADDE00C67587 /* LaunchScreen.storyboard in Resources */,
				5ECB7AB6219EADDE00C67587 /* Assets.xcassets in Resources */,
				5ECB7AB4219EADDE00C67587 /* Main.storyboard in Resources */,
			);
			runOnlyForDeploymentPostprocessing = 0;
		};
/* End PBXResourcesBuildPhase section */

/* Begin PBXShellScriptBuildPhase section */
		0F6227ADC825C31CB798B424 /* [CP] Check Pods Manifest.lock */ = {
			isa = PBXShellScriptBuildPhase;
			buildActionMask = 2147483647;
			files = (
			);
			inputFileListPaths = (
			);
			inputPaths = (
				"${PODS_PODFILE_DIR_PATH}/Podfile.lock",
				"${PODS_ROOT}/Manifest.lock",
			);
			name = "[CP] Check Pods Manifest.lock";
			outputFileListPaths = (
			);
			outputPaths = (
				"$(DERIVED_FILE_DIR)/Pods-BackendlessUIDemoSwift-checkManifestLockResult.txt",
			);
			runOnlyForDeploymentPostprocessing = 0;
			shellPath = /bin/sh;
			shellScript = "diff \"${PODS_PODFILE_DIR_PATH}/Podfile.lock\" \"${PODS_ROOT}/Manifest.lock\" > /dev/null\nif [ $? != 0 ] ; then\n    # print error to STDERR\n    echo \"error: The sandbox is not in sync with the Podfile.lock. Run 'pod install' or update your CocoaPods installation.\" >&2\n    exit 1\nfi\n# This output is used by Xcode 'outputs' to avoid re-running this script phase.\necho \"SUCCESS\" > \"${SCRIPT_OUTPUT_FILE_0}\"\n";
			showEnvVarsInLog = 0;
		};
		A169066C9D0F3AEF80B33B54 /* [CP] Copy Pods Resources */ = {
			isa = PBXShellScriptBuildPhase;
			buildActionMask = 2147483647;
			files = (
			);
			inputFileListPaths = (
			);
			inputPaths = (
				"${PODS_ROOT}/Target Support Files/Pods-BackendlessUIDemoSwift/Pods-BackendlessUIDemoSwift-resources.sh",
				"${PODS_ROOT}/GoogleSignIn/Resources/GoogleSignIn.bundle",
				"${PODS_ROOT}/TwitterKit/iOS/TwitterKit.framework/TwitterKitResources.bundle",
			);
			name = "[CP] Copy Pods Resources";
			outputFileListPaths = (
			);
			outputPaths = (
				"${TARGET_BUILD_DIR}/${UNLOCALIZED_RESOURCES_FOLDER_PATH}/GoogleSignIn.bundle",
				"${TARGET_BUILD_DIR}/${UNLOCALIZED_RESOURCES_FOLDER_PATH}/TwitterKitResources.bundle",
			);
			runOnlyForDeploymentPostprocessing = 0;
			shellPath = /bin/sh;
			shellScript = "\"${PODS_ROOT}/Target Support Files/Pods-BackendlessUIDemoSwift/Pods-BackendlessUIDemoSwift-resources.sh\"\n";
			showEnvVarsInLog = 0;
		};
		EF3ED64836E9C92A361F27CE /* [CP] Embed Pods Frameworks */ = {
			isa = PBXShellScriptBuildPhase;
			buildActionMask = 2147483647;
			files = (
			);
			inputFileListPaths = (
			);
			inputPaths = (
				"${PODS_ROOT}/Target Support Files/Pods-BackendlessUIDemoSwift/Pods-BackendlessUIDemoSwift-frameworks.sh",
				"${BUILT_PRODUCTS_DIR}/Bolts/Bolts.framework",
				"${BUILT_PRODUCTS_DIR}/FBSDKCoreKit/FBSDKCoreKit.framework",
				"${BUILT_PRODUCTS_DIR}/FBSDKLoginKit/FBSDKLoginKit.framework",
				"${BUILT_PRODUCTS_DIR}/GTMOAuth2/GTMOAuth2.framework",
				"${BUILT_PRODUCTS_DIR}/GTMSessionFetcher/GTMSessionFetcher.framework",
				"${BUILT_PRODUCTS_DIR}/GoogleToolboxForMac/GoogleToolboxForMac.framework",
				"${BUILT_PRODUCTS_DIR}/Socket.IO-Client-Swift/SocketIO.framework",
				"${BUILT_PRODUCTS_DIR}/Starscream/Starscream.framework",
				"${PODS_ROOT}/TwitterCore/iOS/TwitterCore.framework",
				"${PODS_ROOT}/TwitterKit/iOS/TwitterKit.framework",
			);
			name = "[CP] Embed Pods Frameworks";
			outputFileListPaths = (
			);
			outputPaths = (
				"${TARGET_BUILD_DIR}/${FRAMEWORKS_FOLDER_PATH}/Bolts.framework",
				"${TARGET_BUILD_DIR}/${FRAMEWORKS_FOLDER_PATH}/FBSDKCoreKit.framework",
				"${TARGET_BUILD_DIR}/${FRAMEWORKS_FOLDER_PATH}/FBSDKLoginKit.framework",
				"${TARGET_BUILD_DIR}/${FRAMEWORKS_FOLDER_PATH}/GTMOAuth2.framework",
				"${TARGET_BUILD_DIR}/${FRAMEWORKS_FOLDER_PATH}/GTMSessionFetcher.framework",
				"${TARGET_BUILD_DIR}/${FRAMEWORKS_FOLDER_PATH}/GoogleToolboxForMac.framework",
				"${TARGET_BUILD_DIR}/${FRAMEWORKS_FOLDER_PATH}/SocketIO.framework",
				"${TARGET_BUILD_DIR}/${FRAMEWORKS_FOLDER_PATH}/Starscream.framework",
				"${TARGET_BUILD_DIR}/${FRAMEWORKS_FOLDER_PATH}/TwitterCore.framework",
				"${TARGET_BUILD_DIR}/${FRAMEWORKS_FOLDER_PATH}/TwitterKit.framework",
			);
			runOnlyForDeploymentPostprocessing = 0;
			shellPath = /bin/sh;
			shellScript = "\"${PODS_ROOT}/Target Support Files/Pods-BackendlessUIDemoSwift/Pods-BackendlessUIDemoSwift-frameworks.sh\"\n";
			showEnvVarsInLog = 0;
		};
/* End PBXShellScriptBuildPhase section */

/* Begin PBXSourcesBuildPhase section */
		5ECB7AA7219EADDE00C67587 /* Sources */ = {
			isa = PBXSourcesBuildPhase;
			buildActionMask = 2147483647;
			files = (
				5ECB7AC5219EAE4D00C67587 /* MainTableViewController.swift in Sources */,
				5ECB7AAF219EADDE00C67587 /* AppDelegate.swift in Sources */,
			);
			runOnlyForDeploymentPostprocessing = 0;
		};
/* End PBXSourcesBuildPhase section */

/* Begin PBXVariantGroup section */
		5ECB7AB2219EADDE00C67587 /* Main.storyboard */ = {
			isa = PBXVariantGroup;
			children = (
				5ECB7AB3219EADDE00C67587 /* Base */,
			);
			name = Main.storyboard;
			sourceTree = "<group>";
		};
		5ECB7AB7219EADDE00C67587 /* LaunchScreen.storyboard */ = {
			isa = PBXVariantGroup;
			children = (
				5ECB7AB8219EADDE00C67587 /* Base */,
			);
			name = LaunchScreen.storyboard;
			sourceTree = "<group>";
		};
/* End PBXVariantGroup section */

/* Begin XCBuildConfiguration section */
		5ECB7ABB219EADDE00C67587 /* Debug */ = {
			isa = XCBuildConfiguration;
			buildSettings = {
				ALWAYS_SEARCH_USER_PATHS = NO;
				CLANG_ANALYZER_NONNULL = YES;
				CLANG_ANALYZER_NUMBER_OBJECT_CONVERSION = YES_AGGRESSIVE;
				CLANG_CXX_LANGUAGE_STANDARD = "gnu++14";
				CLANG_CXX_LIBRARY = "libc++";
				CLANG_ENABLE_MODULES = YES;
				CLANG_ENABLE_OBJC_ARC = YES;
				CLANG_ENABLE_OBJC_WEAK = YES;
				CLANG_WARN_BLOCK_CAPTURE_AUTORELEASING = YES;
				CLANG_WARN_BOOL_CONVERSION = YES;
				CLANG_WARN_COMMA = YES;
				CLANG_WARN_CONSTANT_CONVERSION = YES;
				CLANG_WARN_DEPRECATED_OBJC_IMPLEMENTATIONS = YES;
				CLANG_WARN_DIRECT_OBJC_ISA_USAGE = YES_ERROR;
				CLANG_WARN_DOCUMENTATION_COMMENTS = YES;
				CLANG_WARN_EMPTY_BODY = YES;
				CLANG_WARN_ENUM_CONVERSION = YES;
				CLANG_WARN_INFINITE_RECURSION = YES;
				CLANG_WARN_INT_CONVERSION = YES;
				CLANG_WARN_NON_LITERAL_NULL_CONVERSION = YES;
				CLANG_WARN_OBJC_IMPLICIT_RETAIN_SELF = YES;
				CLANG_WARN_OBJC_LITERAL_CONVERSION = YES;
				CLANG_WARN_OBJC_ROOT_CLASS = YES_ERROR;
				CLANG_WARN_RANGE_LOOP_ANALYSIS = YES;
				CLANG_WARN_STRICT_PROTOTYPES = YES;
				CLANG_WARN_SUSPICIOUS_MOVE = YES;
				CLANG_WARN_UNGUARDED_AVAILABILITY = YES_AGGRESSIVE;
				CLANG_WARN_UNREACHABLE_CODE = YES;
				CLANG_WARN__DUPLICATE_METHOD_MATCH = YES;
				CODE_SIGN_IDENTITY = "iPhone Developer";
				COPY_PHASE_STRIP = NO;
				DEBUG_INFORMATION_FORMAT = dwarf;
				ENABLE_STRICT_OBJC_MSGSEND = YES;
				ENABLE_TESTABILITY = YES;
				GCC_C_LANGUAGE_STANDARD = gnu11;
				GCC_DYNAMIC_NO_PIC = NO;
				GCC_NO_COMMON_BLOCKS = YES;
				GCC_OPTIMIZATION_LEVEL = 0;
				GCC_PREPROCESSOR_DEFINITIONS = (
					"DEBUG=1",
					"$(inherited)",
				);
				GCC_WARN_64_TO_32_BIT_CONVERSION = YES;
				GCC_WARN_ABOUT_RETURN_TYPE = YES_ERROR;
				GCC_WARN_UNDECLARED_SELECTOR = YES;
				GCC_WARN_UNINITIALIZED_AUTOS = YES_AGGRESSIVE;
				GCC_WARN_UNUSED_FUNCTION = YES;
				GCC_WARN_UNUSED_VARIABLE = YES;
				IPHONEOS_DEPLOYMENT_TARGET = 12.1;
				MTL_ENABLE_DEBUG_INFO = INCLUDE_SOURCE;
				MTL_FAST_MATH = YES;
				ONLY_ACTIVE_ARCH = YES;
				SDKROOT = iphoneos;
				SWIFT_ACTIVE_COMPILATION_CONDITIONS = DEBUG;
				SWIFT_OPTIMIZATION_LEVEL = "-Onone";
			};
			name = Debug;
		};
		5ECB7ABC219EADDE00C67587 /* Release */ = {
			isa = XCBuildConfiguration;
			buildSettings = {
				ALWAYS_SEARCH_USER_PATHS = NO;
				CLANG_ANALYZER_NONNULL = YES;
				CLANG_ANALYZER_NUMBER_OBJECT_CONVERSION = YES_AGGRESSIVE;
				CLANG_CXX_LANGUAGE_STANDARD = "gnu++14";
				CLANG_CXX_LIBRARY = "libc++";
				CLANG_ENABLE_MODULES = YES;
				CLANG_ENABLE_OBJC_ARC = YES;
				CLANG_ENABLE_OBJC_WEAK = YES;
				CLANG_WARN_BLOCK_CAPTURE_AUTORELEASING = YES;
				CLANG_WARN_BOOL_CONVERSION = YES;
				CLANG_WARN_COMMA = YES;
				CLANG_WARN_CONSTANT_CONVERSION = YES;
				CLANG_WARN_DEPRECATED_OBJC_IMPLEMENTATIONS = YES;
				CLANG_WARN_DIRECT_OBJC_ISA_USAGE = YES_ERROR;
				CLANG_WARN_DOCUMENTATION_COMMENTS = YES;
				CLANG_WARN_EMPTY_BODY = YES;
				CLANG_WARN_ENUM_CONVERSION = YES;
				CLANG_WARN_INFINITE_RECURSION = YES;
				CLANG_WARN_INT_CONVERSION = YES;
				CLANG_WARN_NON_LITERAL_NULL_CONVERSION = YES;
				CLANG_WARN_OBJC_IMPLICIT_RETAIN_SELF = YES;
				CLANG_WARN_OBJC_LITERAL_CONVERSION = YES;
				CLANG_WARN_OBJC_ROOT_CLASS = YES_ERROR;
				CLANG_WARN_RANGE_LOOP_ANALYSIS = YES;
				CLANG_WARN_STRICT_PROTOTYPES = YES;
				CLANG_WARN_SUSPICIOUS_MOVE = YES;
				CLANG_WARN_UNGUARDED_AVAILABILITY = YES_AGGRESSIVE;
				CLANG_WARN_UNREACHABLE_CODE = YES;
				CLANG_WARN__DUPLICATE_METHOD_MATCH = YES;
				CODE_SIGN_IDENTITY = "iPhone Developer";
				COPY_PHASE_STRIP = NO;
				DEBUG_INFORMATION_FORMAT = "dwarf-with-dsym";
				ENABLE_NS_ASSERTIONS = NO;
				ENABLE_STRICT_OBJC_MSGSEND = YES;
				GCC_C_LANGUAGE_STANDARD = gnu11;
				GCC_NO_COMMON_BLOCKS = YES;
				GCC_WARN_64_TO_32_BIT_CONVERSION = YES;
				GCC_WARN_ABOUT_RETURN_TYPE = YES_ERROR;
				GCC_WARN_UNDECLARED_SELECTOR = YES;
				GCC_WARN_UNINITIALIZED_AUTOS = YES_AGGRESSIVE;
				GCC_WARN_UNUSED_FUNCTION = YES;
				GCC_WARN_UNUSED_VARIABLE = YES;
				IPHONEOS_DEPLOYMENT_TARGET = 12.1;
				MTL_ENABLE_DEBUG_INFO = NO;
				MTL_FAST_MATH = YES;
				SDKROOT = iphoneos;
				SWIFT_COMPILATION_MODE = wholemodule;
				SWIFT_OPTIMIZATION_LEVEL = "-O";
				VALIDATE_PRODUCT = YES;
			};
			name = Release;
		};
		5ECB7ABE219EADDE00C67587 /* Debug */ = {
			isa = XCBuildConfiguration;
			baseConfigurationReference = 690819A816007F909E86102B /* Pods-BackendlessUIDemoSwift.debug.xcconfig */;
			buildSettings = {
				ASSETCATALOG_COMPILER_APPICON_NAME = AppIcon;
				CODE_SIGN_STYLE = Automatic;
				DEVELOPMENT_TEAM = 73FSJC7BUF;
				FRAMEWORK_SEARCH_PATHS = (
					"$(inherited)",
					"$(PROJECT_DIR)/Frameworks",
				);
				INFOPLIST_FILE = BackendlessUIDemoSwift/Info.plist;
				LD_RUNPATH_SEARCH_PATHS = (
					"$(inherited)",
					"@executable_path/Frameworks",
				);
				PRODUCT_BUNDLE_IDENTIFIER = com.backendless.BackendlessUIDemoSwift;
				PRODUCT_NAME = "$(TARGET_NAME)";
				SWIFT_VERSION = 4.2;
				TARGETED_DEVICE_FAMILY = "1,2";
			};
			name = Debug;
		};
		5ECB7ABF219EADDE00C67587 /* Release */ = {
			isa = XCBuildConfiguration;
			baseConfigurationReference = F42E5A65C372273A9C1516DB /* Pods-BackendlessUIDemoSwift.release.xcconfig */;
			buildSettings = {
				ASSETCATALOG_COMPILER_APPICON_NAME = AppIcon;
				CODE_SIGN_STYLE = Automatic;
				DEVELOPMENT_TEAM = 73FSJC7BUF;
				FRAMEWORK_SEARCH_PATHS = (
					"$(inherited)",
					"$(PROJECT_DIR)/Frameworks",
				);
				INFOPLIST_FILE = BackendlessUIDemoSwift/Info.plist;
				LD_RUNPATH_SEARCH_PATHS = (
					"$(inherited)",
					"@executable_path/Frameworks",
				);
				PRODUCT_BUNDLE_IDENTIFIER = com.backendless.BackendlessUIDemoSwift;
				PRODUCT_NAME = "$(TARGET_NAME)";
				SWIFT_VERSION = 4.2;
				TARGETED_DEVICE_FAMILY = "1,2";
			};
			name = Release;
		};
/* End XCBuildConfiguration section */

/* Begin XCConfigurationList section */
		5ECB7AA6219EADDE00C67587 /* Build configuration list for PBXProject "BackendlessUIDemoSwift" */ = {
			isa = XCConfigurationList;
			buildConfigurations = (
				5ECB7ABB219EADDE00C67587 /* Debug */,
				5ECB7ABC219EADDE00C67587 /* Release */,
			);
			defaultConfigurationIsVisible = 0;
			defaultConfigurationName = Release;
		};
		5ECB7ABD219EADDE00C67587 /* Build configuration list for PBXNativeTarget "BackendlessUIDemoSwift" */ = {
			isa = XCConfigurationList;
			buildConfigurations = (
				5ECB7ABE219EADDE00C67587 /* Debug */,
				5ECB7ABF219EADDE00C67587 /* Release */,
			);
			defaultConfigurationIsVisible = 0;
			defaultConfigurationName = Release;
		};
/* End XCConfigurationList section */
	};
	rootObject = 5ECB7AA3219EADDE00C67587 /* Project object */;
}
